
Microsoft Visual Studio Solution File, Format Version 12.00
# Visual Studio 2012
Project("{FAE04EC0-301F-11D3-BF4B-00C04F79EFBC}") = "Modul0202", "Modul0202\Modul0202.csproj", "{4379A5AA-A3F2-43A9-BB6D-1E479F7D1C87}"
EndProject
Global
	GlobalSection(SolutionConfigurationPlatforms) = preSolution
		Debug|x86 = Debug|x86
		Release|x86 = Release|x86
	EndGlobalSection
	GlobalSection(ProjectConfigurationPlatforms) = postSolution
		{4379A5AA-A3F2-43A9-BB6D-1E479F7D1C87}.Debug|x86.ActiveCfg = Debug|x86
		{4379A5AA-A3F2-43A9-BB6D-1E479F7D1C87}.Debug|x86.Build.0 = Debug|x86
		{4379A5AA-A3F2-43A9-BB6D-1E479F7D1C87}.Release|x86.ActiveCfg = Release|x86
		{4379A5AA-A3F2-43A9-BB6D-1E479F7D1C87}.Release|x86.Build.0 = Release|x86
	EndGlobalSection
EndGlobal
