
Microsoft Visual Studio Solution File, Format Version 12.00
# Visual Studio 2012
Project("{FAE04EC0-301F-11D3-BF4B-00C04F79EFBC}") = "modul05", "modul05\modul05.csproj", "{62FC163F-51DF-461E-8EA4-AE51F8F837B3}"
EndProject
Project("{FAE04EC0-301F-11D3-BF4B-00C04F79EFBC}") = "ClassExplorer", "ClassExplorer\ClassExplorer.csproj", "{4528D4A3-C350-4016-B284-FBFC3AC81B4A}"
EndProject
Global
	GlobalSection(SolutionConfigurationPlatforms) = preSolution
		Debug|x86 = Debug|x86
		Release|x86 = Release|x86
	EndGlobalSection
	GlobalSection(ProjectConfigurationPlatforms) = postSolution
		{4528D4A3-C350-4016-B284-FBFC3AC81B4A}.Debug|x86.ActiveCfg = Debug|x86
		{4528D4A3-C350-4016-B284-FBFC3AC81B4A}.Debug|x86.Build.0 = Debug|x86
		{4528D4A3-C350-4016-B284-FBFC3AC81B4A}.Release|x86.ActiveCfg = Release|x86
		{4528D4A3-C350-4016-B284-FBFC3AC81B4A}.Release|x86.Build.0 = Release|x86
		{62FC163F-51DF-461E-8EA4-AE51F8F837B3}.Debug|x86.ActiveCfg = Debug|x86
		{62FC163F-51DF-461E-8EA4-AE51F8F837B3}.Debug|x86.Build.0 = Debug|x86
		{62FC163F-51DF-461E-8EA4-AE51F8F837B3}.Release|x86.ActiveCfg = Release|x86
		{62FC163F-51DF-461E-8EA4-AE51F8F837B3}.Release|x86.Build.0 = Release|x86
	EndGlobalSection
EndGlobal
